
Microsoft Visual Studio Solution File, Format Version 12.00
# Visual Studio 14
VisualStudioVersion = 14.0.25420.1
MinimumVisualStudioVersion = 10.0.40219.1
Project("{FAE04EC0-301F-11D3-BF4B-00C04F79EFBC}") = "BanDongHo", "BanDongHo\BanDongHo.csproj", "{EA3F8E30-BE46-4447-A660-BD89E8989637}"
EndProject
Project("{FAE04EC0-301F-11D3-BF4B-00C04F79EFBC}") = "BanDongHo.Domain", "BanDongHo.Domain\BanDongHo.Domain.csproj", "{ACC3C3DB-1FA8-40CE-826A-DED64B456047}"
EndProject
Global
	GlobalSection(SolutionConfigurationPlatforms) = preSolution
		Debug|Any CPU = Debug|Any CPU
		Release|Any CPU = Release|Any CPU
	EndGlobalSection
	GlobalSection(ProjectConfigurationPlatforms) = postSolution
		{EA3F8E30-BE46-4447-A660-BD89E8989637}.Debug|Any CPU.ActiveCfg = Debug|Any CPU
		{EA3F8E30-BE46-4447-A660-BD89E8989637}.Debug|Any CPU.Build.0 = Debug|Any CPU
		{EA3F8E30-BE46-4447-A660-BD89E8989637}.Release|Any CPU.ActiveCfg = Release|Any CPU
		{EA3F8E30-BE46-4447-A660-BD89E8989637}.Release|Any CPU.Build.0 = Release|Any CPU
		{ACC3C3DB-1FA8-40CE-826A-DED64B456047}.Debug|Any CPU.ActiveCfg = Debug|Any CPU
		{ACC3C3DB-1FA8-40CE-826A-DED64B456047}.Debug|Any CPU.Build.0 = Debug|Any CPU
		{ACC3C3DB-1FA8-40CE-826A-DED64B456047}.Release|Any CPU.ActiveCfg = Release|Any CPU
		{ACC3C3DB-1FA8-40CE-826A-DED64B456047}.Release|Any CPU.Build.0 = Release|Any CPU
	EndGlobalSection
	GlobalSection(SolutionProperties) = preSolution
		HideSolutionNode = FALSE
	EndGlobalSection
EndGlobal
